
Microsoft Visual Studio Solution File, Format Version 12.00
# Visual Studio Version 16
VisualStudioVersion = 16.0.34407.143
MinimumVisualStudioVersion = 10.0.40219.1
Project("{FAE04EC0-301F-11D3-BF4B-00C04F79EFBC}") = "day10Server", "day10Server\day10Server.csproj", "{EB014D27-8841-49FF-8AC6-5A1AC17E78C2}"
EndProject
Global
	GlobalSection(SolutionConfigurationPlatforms) = preSolution
		Debug|Any CPU = Debug|Any CPU
		Release|Any CPU = Release|Any CPU
	EndGlobalSection
	GlobalSection(ProjectConfigurationPlatforms) = postSolution
		{EB014D27-8841-49FF-8AC6-5A1AC17E78C2}.Debug|Any CPU.ActiveCfg = Debug|Any CPU
		{EB014D27-8841-49FF-8AC6-5A1AC17E78C2}.Debug|Any CPU.Build.0 = Debug|Any CPU
		{EB014D27-8841-49FF-8AC6-5A1AC17E78C2}.Release|Any CPU.ActiveCfg = Release|Any CPU
		{EB014D27-8841-49FF-8AC6-5A1AC17E78C2}.Release|Any CPU.Build.0 = Release|Any CPU
	EndGlobalSection
	GlobalSection(SolutionProperties) = preSolution
		HideSolutionNode = FALSE
	EndGlobalSection
	GlobalSection(ExtensibilityGlobals) = postSolution
		SolutionGuid = {1175C664-A733-443A-9FC0-647378924F3D}
	EndGlobalSection
EndGlobal
