
Microsoft Visual Studio Solution File, Format Version 12.00
# Visual Studio 15
Project("{FAE04EC0-301F-11D3-BF4B-00C04F79EFBC}") = "Assembly-CSharp", "Assembly-CSharp.csproj", "{16F9639F-A0AC-387E-0D95-D324F07B4F26}"
EndProject
Project("{FAE04EC0-301F-11D3-BF4B-00C04F79EFBC}") = "Assembly-CSharp", "Assembly-CSharp.Player.csproj", "{5A945EA9-7E32-4563-EC09-6FB7AB53BCAE}"
EndProject
Global
	GlobalSection(SolutionConfigurationPlatforms) = preSolution
		Debug|Any CPU = Debug|Any CPU
		Release|Any CPU = Release|Any CPU
	EndGlobalSection
	GlobalSection(ProjectConfigurationPlatforms) = postSolution
		{16F9639F-A0AC-387E-0D95-D324F07B4F26}.Debug|Any CPU.ActiveCfg = Debug|Any CPU
		{16F9639F-A0AC-387E-0D95-D324F07B4F26}.Debug|Any CPU.Build.0 = Debug|Any CPU
		{16F9639F-A0AC-387E-0D95-D324F07B4F26}.Release|Any CPU.ActiveCfg = Release|Any CPU
		{16F9639F-A0AC-387E-0D95-D324F07B4F26}.Release|Any CPU.Build.0 = Release|Any CPU
		{5A945EA9-7E32-4563-EC09-6FB7AB53BCAE}.Debug|Any CPU.ActiveCfg = Debug|Any CPU
		{5A945EA9-7E32-4563-EC09-6FB7AB53BCAE}.Debug|Any CPU.Build.0 = Debug|Any CPU
		{5A945EA9-7E32-4563-EC09-6FB7AB53BCAE}.Release|Any CPU.ActiveCfg = Release|Any CPU
		{5A945EA9-7E32-4563-EC09-6FB7AB53BCAE}.Release|Any CPU.Build.0 = Release|Any CPU
	EndGlobalSection
	GlobalSection(SolutionProperties) = preSolution
		HideSolutionNode = FALSE
	EndGlobalSection
EndGlobal
