
Microsoft Visual Studio Solution File, Format Version 12.00
# Visual Studio Version 16
VisualStudioVersion = 16.0.34407.143
MinimumVisualStudioVersion = 10.0.40219.1
Project("{FAE04EC0-301F-11D3-BF4B-00C04F79EFBC}") = "Exercise3.28Server", "Exercise3.28Server\Exercise3.28Server.csproj", "{7E3F0A9C-F8DE-4F49-BD2E-865F5979E51F}"
EndProject
Global
	GlobalSection(SolutionConfigurationPlatforms) = preSolution
		Debug|Any CPU = Debug|Any CPU
		Release|Any CPU = Release|Any CPU
	EndGlobalSection
	GlobalSection(ProjectConfigurationPlatforms) = postSolution
		{7E3F0A9C-F8DE-4F49-BD2E-865F5979E51F}.Debug|Any CPU.ActiveCfg = Debug|Any CPU
		{7E3F0A9C-F8DE-4F49-BD2E-865F5979E51F}.Debug|Any CPU.Build.0 = Debug|Any CPU
		{7E3F0A9C-F8DE-4F49-BD2E-865F5979E51F}.Release|Any CPU.ActiveCfg = Release|Any CPU
		{7E3F0A9C-F8DE-4F49-BD2E-865F5979E51F}.Release|Any CPU.Build.0 = Release|Any CPU
	EndGlobalSection
	GlobalSection(SolutionProperties) = preSolution
		HideSolutionNode = FALSE
	EndGlobalSection
	GlobalSection(ExtensibilityGlobals) = postSolution
		SolutionGuid = {855B1425-58D8-4B04-97A2-86DF69003AE0}
	EndGlobalSection
EndGlobal
